// !$*UTF8*$!
{
	archiveVersion = 1;
	classes = {
	};
	objectVersion = 48;
	objects = {

/* Begin PBXBuildFile section */
		F71D189D2082CC680047DD97 /* PeripheralsViewController.swift in Sources */ = {isa = PBXBuildFile; fileRef = F71D189C2082CC680047DD97 /* PeripheralsViewController.swift */; };
		F76CD27120900D7D006C2A36 /* ServiceNode.swift in Sources */ = {isa = PBXBuildFile; fileRef = F76CD27020900D7D006C2A36 /* ServiceNode.swift */; };
		F76CD273209010BB006C2A36 /* ServicesViewController.swift in Sources */ = {isa = PBXBuildFile; fileRef = F76CD272209010BA006C2A36 /* ServicesViewController.swift */; };
		F77DBC1C2401987400E250D4 /* CentralManagerProxy.swift in Sources */ = {isa = PBXBuildFile; fileRef = F77DBC1B2401987400E250D4 /* CentralManagerProxy.swift */; };
		F77DBC202401988800E250D4 /* Publisher+Extensions.swift in Sources */ = {isa = PBXBuildFile; fileRef = F77DBC1D2401988800E250D4 /* Publisher+Extensions.swift */; };
		F77DBC212401988800E250D4 /* SingleIntervalTimer.swift in Sources */ = {isa = PBXBuildFile; fileRef = F77DBC1E2401988800E250D4 /* SingleIntervalTimer.swift */; };
		F77DBC222401988800E250D4 /* RepeatableIntervalTimer.swift in Sources */ = {isa = PBXBuildFile; fileRef = F77DBC1F2401988800E250D4 /* RepeatableIntervalTimer.swift */; };
		F79FAEB620FAC6A20066089F /* DetailViewController.swift in Sources */ = {isa = PBXBuildFile; fileRef = F79FAEB520FAC6A20066089F /* DetailViewController.swift */; };
		F7B2AB4B20FC0C8E00A8EDD1 /* Data+HexEncoding.swift in Sources */ = {isa = PBXBuildFile; fileRef = F7B2AB4A20FC0C8E00A8EDD1 /* Data+HexEncoding.swift */; };
		F7BB97BD21035CCD00C0CBB3 /* DiscoveredPeripheral.swift in Sources */ = {isa = PBXBuildFile; fileRef = F7BB97BC21035CCD00C0CBB3 /* DiscoveredPeripheral.swift */; };
		F7CD04272041BF0A00DDDCB3 /* AppDelegate.swift in Sources */ = {isa = PBXBuildFile; fileRef = F7CD04262041BF0A00DDDCB3 /* AppDelegate.swift */; };
		F7CD042B2041BF0A00DDDCB3 /* Assets.xcassets in Resources */ = {isa = PBXBuildFile; fileRef = F7CD042A2041BF0A00DDDCB3 /* Assets.xcassets */; };
		F7CD042E2041BF0A00DDDCB3 /* Main.storyboard in Resources */ = {isa = PBXBuildFile; fileRef = F7CD042C2041BF0A00DDDCB3 /* Main.storyboard */; };
		F7CD04B52043068600DDDCB3 /* WindowController.swift in Sources */ = {isa = PBXBuildFile; fileRef = F7CD04B42043068600DDDCB3 /* WindowController.swift */; };
/* End PBXBuildFile section */

/* Begin PBXCopyFilesBuildPhase section */
		F73B3FC523F8B53900583D8F /* Embed Frameworks */ = {
			isa = PBXCopyFilesBuildPhase;
			buildActionMask = 2147483647;
			dstPath = "";
			dstSubfolderSpec = 10;
			files = (
			);
			name = "Embed Frameworks";
			runOnlyForDeploymentPostprocessing = 0;
		};
		F7F93A8F208C9F56006E7166 /* CopyFiles */ = {
			isa = PBXCopyFilesBuildPhase;
			buildActionMask = 2147483647;
			dstPath = "";
			dstSubfolderSpec = 16;
			files = (
			);
			runOnlyForDeploymentPostprocessing = 0;
		};
/* End PBXCopyFilesBuildPhase section */

/* Begin PBXFileReference section */
		F71D189C2082CC680047DD97 /* PeripheralsViewController.swift */ = {isa = PBXFileReference; fileEncoding = 4; lastKnownFileType = sourcecode.swift; path = PeripheralsViewController.swift; sourceTree = "<group>"; };
		F73B3FC623F8B55F00583D8F /* RxRelay.framework */ = {isa = PBXFileReference; lastKnownFileType = wrapper.framework; name = RxRelay.framework; path = Carthage/Build/Mac/RxRelay.framework; sourceTree = "<group>"; };
		F73B3FC723F8B55F00583D8F /* RxAtomic.framework */ = {isa = PBXFileReference; lastKnownFileType = wrapper.framework; name = RxAtomic.framework; path = Carthage/Build/Mac/RxAtomic.framework; sourceTree = "<group>"; };
		F73B3FC823F8B55F00583D8F /* RxBlocking.framework */ = {isa = PBXFileReference; lastKnownFileType = wrapper.framework; name = RxBlocking.framework; path = Carthage/Build/Mac/RxBlocking.framework; sourceTree = "<group>"; };
		F76CD27020900D7D006C2A36 /* ServiceNode.swift */ = {isa = PBXFileReference; lastKnownFileType = sourcecode.swift; path = ServiceNode.swift; sourceTree = "<group>"; };
		F76CD272209010BA006C2A36 /* ServicesViewController.swift */ = {isa = PBXFileReference; fileEncoding = 4; lastKnownFileType = sourcecode.swift; path = ServicesViewController.swift; sourceTree = "<group>"; };
		F77DBC1B2401987400E250D4 /* CentralManagerProxy.swift */ = {isa = PBXFileReference; fileEncoding = 4; lastKnownFileType = sourcecode.swift; path = CentralManagerProxy.swift; sourceTree = "<group>"; };
		F77DBC1D2401988800E250D4 /* Publisher+Extensions.swift */ = {isa = PBXFileReference; fileEncoding = 4; lastKnownFileType = sourcecode.swift; path = "Publisher+Extensions.swift"; sourceTree = "<group>"; };
		F77DBC1E2401988800E250D4 /* SingleIntervalTimer.swift */ = {isa = PBXFileReference; fileEncoding = 4; lastKnownFileType = sourcecode.swift; path = SingleIntervalTimer.swift; sourceTree = "<group>"; };
		F77DBC1F2401988800E250D4 /* RepeatableIntervalTimer.swift */ = {isa = PBXFileReference; fileEncoding = 4; lastKnownFileType = sourcecode.swift; path = RepeatableIntervalTimer.swift; sourceTree = "<group>"; };
		F79FAEB520FAC6A20066089F /* DetailViewController.swift */ = {isa = PBXFileReference; lastKnownFileType = sourcecode.swift; path = DetailViewController.swift; sourceTree = "<group>"; };
		F7B2AB4A20FC0C8E00A8EDD1 /* Data+HexEncoding.swift */ = {isa = PBXFileReference; lastKnownFileType = sourcecode.swift; path = "Data+HexEncoding.swift"; sourceTree = "<group>"; };
		F7BB97BC21035CCD00C0CBB3 /* DiscoveredPeripheral.swift */ = {isa = PBXFileReference; lastKnownFileType = sourcecode.swift; path = DiscoveredPeripheral.swift; sourceTree = "<group>"; };
		F7CD04232041BF0A00DDDCB3 /* Harald.app */ = {isa = PBXFileReference; explicitFileType = wrapper.application; includeInIndex = 0; path = Harald.app; sourceTree = BUILT_PRODUCTS_DIR; };
		F7CD04262041BF0A00DDDCB3 /* AppDelegate.swift */ = {isa = PBXFileReference; lastKnownFileType = sourcecode.swift; path = AppDelegate.swift; sourceTree = "<group>"; };
		F7CD042A2041BF0A00DDDCB3 /* Assets.xcassets */ = {isa = PBXFileReference; lastKnownFileType = folder.assetcatalog; path = Assets.xcassets; sourceTree = "<group>"; };
		F7CD042D2041BF0A00DDDCB3 /* Base */ = {isa = PBXFileReference; lastKnownFileType = file.storyboard; name = Base; path = Base.lproj/Main.storyboard; sourceTree = "<group>"; };
		F7CD042F2041BF0A00DDDCB3 /* Info.plist */ = {isa = PBXFileReference; lastKnownFileType = text.plist.xml; path = Info.plist; sourceTree = "<group>"; };
		F7CD04302041BF0A00DDDCB3 /* Harald.entitlements */ = {isa = PBXFileReference; lastKnownFileType = text.plist.entitlements; path = Harald.entitlements; sourceTree = "<group>"; };
		F7CD04B42043068600DDDCB3 /* WindowController.swift */ = {isa = PBXFileReference; lastKnownFileType = sourcecode.swift; path = WindowController.swift; sourceTree = "<group>"; };
/* End PBXFileReference section */

/* Begin PBXFrameworksBuildPhase section */
		F7CD04202041BF0A00DDDCB3 /* Frameworks */ = {
			isa = PBXFrameworksBuildPhase;
			buildActionMask = 2147483647;
			files = (
			);
			runOnlyForDeploymentPostprocessing = 0;
		};
/* End PBXFrameworksBuildPhase section */

/* Begin PBXGroup section */
		F73B3FC023F8B53900583D8F /* Frameworks */ = {
			isa = PBXGroup;
			children = (
				F73B3FC723F8B55F00583D8F /* RxAtomic.framework */,
				F73B3FC823F8B55F00583D8F /* RxBlocking.framework */,
				F73B3FC623F8B55F00583D8F /* RxRelay.framework */,
			);
			name = Frameworks;
			sourceTree = "<group>";
		};
		F77DBC1A2401984C00E250D4 /* Bluetooth */ = {
			isa = PBXGroup;
			children = (
				F77DBC1B2401987400E250D4 /* CentralManagerProxy.swift */,
			);
			path = Bluetooth;
			sourceTree = "<group>";
		};
		F7BB97BB21035CB200C0CBB3 /* Model */ = {
			isa = PBXGroup;
			children = (
				F76CD27020900D7D006C2A36 /* ServiceNode.swift */,
				F7BB97BC21035CCD00C0CBB3 /* DiscoveredPeripheral.swift */,
			);
			path = Model;
			sourceTree = "<group>";
		};
		F7CD041A2041BF0A00DDDCB3 = {
			isa = PBXGroup;
			children = (
				F7CD04252041BF0A00DDDCB3 /* Harald */,
				F73B3FC023F8B53900583D8F /* Frameworks */,
			);
			sourceTree = "<group>";
		};
		F7CD04242041BF0A00DDDCB3 /* Products */ = {
			isa = PBXGroup;
			children = (
				F7CD04232041BF0A00DDDCB3 /* Harald.app */,
			);
			name = Products;
			path = ..;
			sourceTree = "<group>";
		};
		F7CD04252041BF0A00DDDCB3 /* Harald */ = {
			isa = PBXGroup;
			children = (
				F77DBC1D2401988800E250D4 /* Publisher+Extensions.swift */,
				F77DBC1F2401988800E250D4 /* RepeatableIntervalTimer.swift */,
				F77DBC1E2401988800E250D4 /* SingleIntervalTimer.swift */,
				F77DBC1A2401984C00E250D4 /* Bluetooth */,
				F7CD04262041BF0A00DDDCB3 /* AppDelegate.swift */,
				F7CD04B42043068600DDDCB3 /* WindowController.swift */,
				F71D189C2082CC680047DD97 /* PeripheralsViewController.swift */,
				F76CD272209010BA006C2A36 /* ServicesViewController.swift */,
				F79FAEB520FAC6A20066089F /* DetailViewController.swift */,
				F7BB97BB21035CB200C0CBB3 /* Model */,
				F7B2AB4A20FC0C8E00A8EDD1 /* Data+HexEncoding.swift */,
				F7CD04242041BF0A00DDDCB3 /* Products */,
				F7CD042A2041BF0A00DDDCB3 /* Assets.xcassets */,
				F7CD042C2041BF0A00DDDCB3 /* Main.storyboard */,
				F7CD042F2041BF0A00DDDCB3 /* Info.plist */,
				F7CD04302041BF0A00DDDCB3 /* Harald.entitlements */,
			);
			path = Harald;
			sourceTree = "<group>";
		};
/* End PBXGroup section */

/* Begin PBXNativeTarget section */
		F7CD04222041BF0A00DDDCB3 /* Harald */ = {
			isa = PBXNativeTarget;
			buildConfigurationList = F7CD04332041BF0A00DDDCB3 /* Build configuration list for PBXNativeTarget "Harald" */;
			buildPhases = (
				F7CD041F2041BF0A00DDDCB3 /* Sources */,
				F7CD04202041BF0A00DDDCB3 /* Frameworks */,
				F7CD04212041BF0A00DDDCB3 /* Resources */,
				F7F93A8F208C9F56006E7166 /* CopyFiles */,
				F73B3FC523F8B53900583D8F /* Embed Frameworks */,
			);
			buildRules = (
			);
			dependencies = (
			);
			name = Harald;
			productName = Harald;
			productReference = F7CD04232041BF0A00DDDCB3 /* Harald.app */;
			productType = "com.apple.product-type.application";
		};
/* End PBXNativeTarget section */

/* Begin PBXProject section */
		F7CD041B2041BF0A00DDDCB3 /* Project object */ = {
			isa = PBXProject;
			attributes = {
				LastSwiftUpdateCheck = 0920;
				LastUpgradeCheck = 1130;
				ORGANIZATIONNAME = "Andrew Shepard";
				TargetAttributes = {
					F7CD04222041BF0A00DDDCB3 = {
						CreatedOnToolsVersion = 9.2;
						LastSwiftMigration = 1020;
						ProvisioningStyle = Automatic;
						SystemCapabilities = {
							com.apple.Sandbox = {
								enabled = 0;
							};
						};
					};
				};
			};
			buildConfigurationList = F7CD041E2041BF0A00DDDCB3 /* Build configuration list for PBXProject "Harald" */;
			compatibilityVersion = "Xcode 8.0";
			developmentRegion = en;
			hasScannedForEncodings = 0;
			knownRegions = (
				en,
				Base,
			);
			mainGroup = F7CD041A2041BF0A00DDDCB3;
			productRefGroup = F7CD04242041BF0A00DDDCB3 /* Products */;
			projectDirPath = "";
			projectRoot = "";
			targets = (
				F7CD04222041BF0A00DDDCB3 /* Harald */,
			);
		};
/* End PBXProject section */

/* Begin PBXResourcesBuildPhase section */
		F7CD04212041BF0A00DDDCB3 /* Resources */ = {
			isa = PBXResourcesBuildPhase;
			buildActionMask = 2147483647;
			files = (
				F7CD042B2041BF0A00DDDCB3 /* Assets.xcassets in Resources */,
				F7CD042E2041BF0A00DDDCB3 /* Main.storyboard in Resources */,
			);
			runOnlyForDeploymentPostprocessing = 0;
		};
/* End PBXResourcesBuildPhase section */

/* Begin PBXSourcesBuildPhase section */
		F7CD041F2041BF0A00DDDCB3 /* Sources */ = {
			isa = PBXSourcesBuildPhase;
			buildActionMask = 2147483647;
			files = (
				F7B2AB4B20FC0C8E00A8EDD1 /* Data+HexEncoding.swift in Sources */,
				F79FAEB620FAC6A20066089F /* DetailViewController.swift in Sources */,
				F7BB97BD21035CCD00C0CBB3 /* DiscoveredPeripheral.swift in Sources */,
				F7CD04B52043068600DDDCB3 /* WindowController.swift in Sources */,
				F77DBC212401988800E250D4 /* SingleIntervalTimer.swift in Sources */,
				F77DBC202401988800E250D4 /* Publisher+Extensions.swift in Sources */,
				F71D189D2082CC680047DD97 /* PeripheralsViewController.swift in Sources */,
				F77DBC222401988800E250D4 /* RepeatableIntervalTimer.swift in Sources */,
				F77DBC1C2401987400E250D4 /* CentralManagerProxy.swift in Sources */,
				F7CD04272041BF0A00DDDCB3 /* AppDelegate.swift in Sources */,
				F76CD273209010BB006C2A36 /* ServicesViewController.swift in Sources */,
				F76CD27120900D7D006C2A36 /* ServiceNode.swift in Sources */,
			);
			runOnlyForDeploymentPostprocessing = 0;
		};
/* End PBXSourcesBuildPhase section */

/* Begin PBXVariantGroup section */
		F7CD042C2041BF0A00DDDCB3 /* Main.storyboard */ = {
			isa = PBXVariantGroup;
			children = (
				F7CD042D2041BF0A00DDDCB3 /* Base */,
			);
			name = Main.storyboard;
			sourceTree = "<group>";
		};
/* End PBXVariantGroup section */

/* Begin XCBuildConfiguration section */
		F7CD04312041BF0A00DDDCB3 /* Debug */ = {
			isa = XCBuildConfiguration;
			buildSettings = {
				ALWAYS_SEARCH_USER_PATHS = NO;
				CLANG_ANALYZER_NONNULL = YES;
				CLANG_ANALYZER_NUMBER_OBJECT_CONVERSION = YES_AGGRESSIVE;
				CLANG_CXX_LANGUAGE_STANDARD = "gnu++14";
				CLANG_CXX_LIBRARY = "libc++";
				CLANG_ENABLE_MODULES = YES;
				CLANG_ENABLE_OBJC_ARC = YES;
				CLANG_WARN_BLOCK_CAPTURE_AUTORELEASING = YES;
				CLANG_WARN_BOOL_CONVERSION = YES;
				CLANG_WARN_COMMA = YES;
				CLANG_WARN_CONSTANT_CONVERSION = YES;
				CLANG_WARN_DEPRECATED_OBJC_IMPLEMENTATIONS = YES;
				CLANG_WARN_DIRECT_OBJC_ISA_USAGE = YES_ERROR;
				CLANG_WARN_DOCUMENTATION_COMMENTS = YES;
				CLANG_WARN_EMPTY_BODY = YES;
				CLANG_WARN_ENUM_CONVERSION = YES;
				CLANG_WARN_INFINITE_RECURSION = YES;
				CLANG_WARN_INT_CONVERSION = YES;
				CLANG_WARN_NON_LITERAL_NULL_CONVERSION = YES;
				CLANG_WARN_OBJC_IMPLICIT_RETAIN_SELF = YES;
				CLANG_WARN_OBJC_LITERAL_CONVERSION = YES;
				CLANG_WARN_OBJC_ROOT_CLASS = YES_ERROR;
				CLANG_WARN_RANGE_LOOP_ANALYSIS = YES;
				CLANG_WARN_STRICT_PROTOTYPES = YES;
				CLANG_WARN_SUSPICIOUS_MOVE = YES;
				CLANG_WARN_UNGUARDED_AVAILABILITY = YES_AGGRESSIVE;
				CLANG_WARN_UNREACHABLE_CODE = YES;
				CLANG_WARN__DUPLICATE_METHOD_MATCH = YES;
				CODE_SIGN_IDENTITY = "-";
				COPY_PHASE_STRIP = NO;
				DEBUG_INFORMATION_FORMAT = dwarf;
				ENABLE_STRICT_OBJC_MSGSEND = YES;
				ENABLE_TESTABILITY = YES;
				GCC_C_LANGUAGE_STANDARD = gnu11;
				GCC_DYNAMIC_NO_PIC = NO;
				GCC_NO_COMMON_BLOCKS = YES;
				GCC_OPTIMIZATION_LEVEL = 0;
				GCC_PREPROCESSOR_DEFINITIONS = (
					"DEBUG=1",
					"$(inherited)",
				);
				GCC_WARN_64_TO_32_BIT_CONVERSION = YES;
				GCC_WARN_ABOUT_RETURN_TYPE = YES_ERROR;
				GCC_WARN_UNDECLARED_SELECTOR = YES;
				GCC_WARN_UNINITIALIZED_AUTOS = YES_AGGRESSIVE;
				GCC_WARN_UNUSED_FUNCTION = YES;
				GCC_WARN_UNUSED_VARIABLE = YES;
				MACOSX_DEPLOYMENT_TARGET = 10.15;
				MTL_ENABLE_DEBUG_INFO = YES;
				ONLY_ACTIVE_ARCH = YES;
				SDKROOT = macosx;
				SWIFT_ACTIVE_COMPILATION_CONDITIONS = DEBUG;
				SWIFT_OPTIMIZATION_LEVEL = "-Onone";
				SWIFT_VERSION = 5.0;
			};
			name = Debug;
		};
		F7CD04322041BF0A00DDDCB3 /* Release */ = {
			isa = XCBuildConfiguration;
			buildSettings = {
				ALWAYS_SEARCH_USER_PATHS = NO;
				CLANG_ANALYZER_NONNULL = YES;
				CLANG_ANALYZER_NUMBER_OBJECT_CONVERSION = YES_AGGRESSIVE;
				CLANG_CXX_LANGUAGE_STANDARD = "gnu++14";
				CLANG_CXX_LIBRARY = "libc++";
				CLANG_ENABLE_MODULES = YES;
				CLANG_ENABLE_OBJC_ARC = YES;
				CLANG_WARN_BLOCK_CAPTURE_AUTORELEASING = YES;
				CLANG_WARN_BOOL_CONVERSION = YES;
				CLANG_WARN_COMMA = YES;
				CLANG_WARN_CONSTANT_CONVERSION = YES;
				CLANG_WARN_DEPRECATED_OBJC_IMPLEMENTATIONS = YES;
				CLANG_WARN_DIRECT_OBJC_ISA_USAGE = YES_ERROR;
				CLANG_WARN_DOCUMENTATION_COMMENTS = YES;
				CLANG_WARN_EMPTY_BODY = YES;
				CLANG_WARN_ENUM_CONVERSION = YES;
				CLANG_WARN_INFINITE_RECURSION = YES;
				CLANG_WARN_INT_CONVERSION = YES;
				CLANG_WARN_NON_LITERAL_NULL_CONVERSION = YES;
				CLANG_WARN_OBJC_IMPLICIT_RETAIN_SELF = YES;
				CLANG_WARN_OBJC_LITERAL_CONVERSION = YES;
				CLANG_WARN_OBJC_ROOT_CLASS = YES_ERROR;
				CLANG_WARN_RANGE_LOOP_ANALYSIS = YES;
				CLANG_WARN_STRICT_PROTOTYPES = YES;
				CLANG_WARN_SUSPICIOUS_MOVE = YES;
				CLANG_WARN_UNGUARDED_AVAILABILITY = YES_AGGRESSIVE;
				CLANG_WARN_UNREACHABLE_CODE = YES;
				CLANG_WARN__DUPLICATE_METHOD_MATCH = YES;
				CODE_SIGN_IDENTITY = "-";
				COPY_PHASE_STRIP = NO;
				DEBUG_INFORMATION_FORMAT = "dwarf-with-dsym";
				ENABLE_NS_ASSERTIONS = NO;
				ENABLE_STRICT_OBJC_MSGSEND = YES;
				GCC_C_LANGUAGE_STANDARD = gnu11;
				GCC_NO_COMMON_BLOCKS = YES;
				GCC_WARN_64_TO_32_BIT_CONVERSION = YES;
				GCC_WARN_ABOUT_RETURN_TYPE = YES_ERROR;
				GCC_WARN_UNDECLARED_SELECTOR = YES;
				GCC_WARN_UNINITIALIZED_AUTOS = YES_AGGRESSIVE;
				GCC_WARN_UNUSED_FUNCTION = YES;
				GCC_WARN_UNUSED_VARIABLE = YES;
				MACOSX_DEPLOYMENT_TARGET = 10.15;
				MTL_ENABLE_DEBUG_INFO = NO;
				SDKROOT = macosx;
				SWIFT_OPTIMIZATION_LEVEL = "-Owholemodule";
				SWIFT_VERSION = 5.0;
			};
			name = Release;
		};
		F7CD04342041BF0A00DDDCB3 /* Debug */ = {
			isa = XCBuildConfiguration;
			buildSettings = {
				ASSETCATALOG_COMPILER_APPICON_NAME = AppIcon;
				CODE_SIGN_IDENTITY = "Mac Developer";
				CODE_SIGN_STYLE = Automatic;
				COMBINE_HIDPI_IMAGES = YES;
				DEVELOPMENT_TEAM = 9XH5KEL8D8;
				ENABLE_HARDENED_RUNTIME = YES;
				FRAMEWORK_SEARCH_PATHS = "$(inherited)";
				INFOPLIST_FILE = Harald/Info.plist;
				LD_RUNPATH_SEARCH_PATHS = "$(inherited) @executable_path/../Frameworks";
				MACOSX_DEPLOYMENT_TARGET = 10.15;
				PRODUCT_BUNDLE_IDENTIFIER = org.andyshep.Harald;
				PRODUCT_NAME = "$(TARGET_NAME)";
				PROVISIONING_PROFILE_SPECIFIER = "";
				SWIFT_VERSION = 5.0;
			};
			name = Debug;
		};
		F7CD04352041BF0A00DDDCB3 /* Release */ = {
			isa = XCBuildConfiguration;
			buildSettings = {
				ASSETCATALOG_COMPILER_APPICON_NAME = AppIcon;
				CODE_SIGN_IDENTITY = "Mac Developer";
				CODE_SIGN_STYLE = Automatic;
				COMBINE_HIDPI_IMAGES = YES;
				DEVELOPMENT_TEAM = 9XH5KEL8D8;
				ENABLE_HARDENED_RUNTIME = YES;
				FRAMEWORK_SEARCH_PATHS = "$(inherited)";
				INFOPLIST_FILE = Harald/Info.plist;
				LD_RUNPATH_SEARCH_PATHS = "$(inherited) @executable_path/../Frameworks";
				MACOSX_DEPLOYMENT_TARGET = 10.15;
				PRODUCT_BUNDLE_IDENTIFIER = org.andyshep.Harald;
				PRODUCT_NAME = "$(TARGET_NAME)";
				PROVISIONING_PROFILE_SPECIFIER = "";
				SWIFT_VERSION = 5.0;
			};
			name = Release;
		};
/* End XCBuildConfiguration section */

/* Begin XCConfigurationList section */
		F7CD041E2041BF0A00DDDCB3 /* Build configuration list for PBXProject "Harald" */ = {
			isa = XCConfigurationList;
			buildConfigurations = (
				F7CD04312041BF0A00DDDCB3 /* Debug */,
				F7CD04322041BF0A00DDDCB3 /* Release */,
			);
			defaultConfigurationIsVisible = 0;
			defaultConfigurationName = Release;
		};
		F7CD04332041BF0A00DDDCB3 /* Build configuration list for PBXNativeTarget "Harald" */ = {
			isa = XCConfigurationList;
			buildConfigurations = (
				F7CD04342041BF0A00DDDCB3 /* Debug */,
				F7CD04352041BF0A00DDDCB3 /* Release */,
			);
			defaultConfigurationIsVisible = 0;
			defaultConfigurationName = Release;
		};
/* End XCConfigurationList section */
	};
	rootObject = F7CD041B2041BF0A00DDDCB3 /* Project object */;
}
